<Solution>
  <Folder Name="/src/">
    <Project Path="src/STU.Api/STU.Api.csproj" />
    <Project Path="src/STU.Application/STU.Application.csproj" />
    <Project Path="src/STU.Domain/STU.Domain.csproj" />
    <Project Path="src/STU.Infrastructure/STU.Infrastructure.csproj" />
    <Project Path="src/STU.Worker/STU.Worker.csproj" />
  </Folder>
  <Folder Name="/tests/">
    <Project Path="tests/STU.IntegrationTests/STU.IntegrationTests.csproj" />
    <Project Path="tests/STU.UnitTests/STU.UnitTests.csproj" />
  </Folder>
  <Folder Name="/tools/">
    <Project Path="tools/STU.FamilyReset/STU.FamilyReset.csproj" />
    <Project Path="tools/STU.PilotData/STU.PilotData.csproj" />
  </Folder>
</Solution>
